{
  "object": {
    "pins": [
      {
        "package": "GithubJobAPI",
        "repositoryURL": "https://github.com/xhrobj/GithubJobAPI.git",
        "state": {
          "branch": null,
          "revision": "396e26d7ee1210e12c3978adbfd22babc81df6c5",
          "version": "1.0.0"
        }
      }
    ]
  },
  "version": 1
}
