// !$*UTF8*$!
{
	archiveVersion = 1;
	classes = {
	};
	objectVersion = 52;
	objects = {

/* Begin PBXBuildFile section */
		D732D01324E6915600315F5D /* AppDelegate.swift in Sources */ = {isa = PBXBuildFile; fileRef = D732D01224E6915600315F5D /* AppDelegate.swift */; };
		D732D01524E6915600315F5D /* SceneDelegate.swift in Sources */ = {isa = PBXBuildFile; fileRef = D732D01424E6915600315F5D /* SceneDelegate.swift */; };
		D732D01724E6915600315F5D /* ContentView.swift in Sources */ = {isa = PBXBuildFile; fileRef = D732D01624E6915600315F5D /* ContentView.swift */; };
		D732D01924E6915A00315F5D /* Assets.xcassets in Resources */ = {isa = PBXBuildFile; fileRef = D732D01824E6915A00315F5D /* Assets.xcassets */; };
		D732D01C24E6915A00315F5D /* Preview Assets.xcassets in Resources */ = {isa = PBXBuildFile; fileRef = D732D01B24E6915A00315F5D /* Preview Assets.xcassets */; };
		D732D01F24E6915A00315F5D /* LaunchScreen.storyboard in Resources */ = {isa = PBXBuildFile; fileRef = D732D01D24E6915A00315F5D /* LaunchScreen.storyboard */; };
		D732D02C24E71A6B00315F5D /* PositionsViewModel.swift in Sources */ = {isa = PBXBuildFile; fileRef = D732D02B24E71A6B00315F5D /* PositionsViewModel.swift */; };
		D732D02E24E7298700315F5D /* PositionDetail.swift in Sources */ = {isa = PBXBuildFile; fileRef = D732D02D24E7298700315F5D /* PositionDetail.swift */; };
		D732D03024E72A9000315F5D /* Position.swift in Sources */ = {isa = PBXBuildFile; fileRef = D732D02F24E72A9000315F5D /* Position.swift */; };
		D732D03824E7596300315F5D /* PositionList.swift in Sources */ = {isa = PBXBuildFile; fileRef = D732D03724E7596300315F5D /* PositionList.swift */; };
		D732D03B24E7D61A00315F5D /* GithubJobAPI in Frameworks */ = {isa = PBXBuildFile; productRef = D732D03A24E7D61A00315F5D /* GithubJobAPI */; };
		D732D04324E99D5700315F5D /* ServiceLocator.swift in Sources */ = {isa = PBXBuildFile; fileRef = D732D04224E99D5700315F5D /* ServiceLocator.swift */; };
		D732D04924E9C87A00315F5D /* OpenApiAdapter.swift in Sources */ = {isa = PBXBuildFile; fileRef = D732D04824E9C87A00315F5D /* OpenApiAdapter.swift */; };
		D73BB65724EBE24800D30D3B /* PositionUserDefaultsStorage in Frameworks */ = {isa = PBXBuildFile; productRef = D73BB65624EBE24800D30D3B /* PositionUserDefaultsStorage */; };
		D77DCF7824EB16A6003263AE /* GithubJobServices in Frameworks */ = {isa = PBXBuildFile; productRef = D77DCF7724EB16A6003263AE /* GithubJobServices */; };
		D77DCF7B24EB16D5003263AE /* UICore in Frameworks */ = {isa = PBXBuildFile; productRef = D77DCF7A24EB16D5003263AE /* UICore */; };
/* End PBXBuildFile section */

/* Begin PBXFileReference section */
		D732D00F24E6915600315F5D /* GithubJobExample.app */ = {isa = PBXFileReference; explicitFileType = wrapper.application; includeInIndex = 0; path = GithubJobExample.app; sourceTree = BUILT_PRODUCTS_DIR; };
		D732D01224E6915600315F5D /* AppDelegate.swift */ = {isa = PBXFileReference; lastKnownFileType = sourcecode.swift; path = AppDelegate.swift; sourceTree = "<group>"; };
		D732D01424E6915600315F5D /* SceneDelegate.swift */ = {isa = PBXFileReference; lastKnownFileType = sourcecode.swift; path = SceneDelegate.swift; sourceTree = "<group>"; };
		D732D01624E6915600315F5D /* ContentView.swift */ = {isa = PBXFileReference; lastKnownFileType = sourcecode.swift; path = ContentView.swift; sourceTree = "<group>"; };
		D732D01824E6915A00315F5D /* Assets.xcassets */ = {isa = PBXFileReference; lastKnownFileType = folder.assetcatalog; path = Assets.xcassets; sourceTree = "<group>"; };
		D732D01B24E6915A00315F5D /* Preview Assets.xcassets */ = {isa = PBXFileReference; lastKnownFileType = folder.assetcatalog; path = "Preview Assets.xcassets"; sourceTree = "<group>"; };
		D732D01E24E6915A00315F5D /* Base */ = {isa = PBXFileReference; lastKnownFileType = file.storyboard; name = Base; path = Base.lproj/LaunchScreen.storyboard; sourceTree = "<group>"; };
		D732D02024E6915A00315F5D /* Info.plist */ = {isa = PBXFileReference; lastKnownFileType = text.plist.xml; path = Info.plist; sourceTree = "<group>"; };
		D732D02B24E71A6B00315F5D /* PositionsViewModel.swift */ = {isa = PBXFileReference; lastKnownFileType = sourcecode.swift; path = PositionsViewModel.swift; sourceTree = "<group>"; };
		D732D02D24E7298700315F5D /* PositionDetail.swift */ = {isa = PBXFileReference; lastKnownFileType = sourcecode.swift; path = PositionDetail.swift; sourceTree = "<group>"; };
		D732D02F24E72A9000315F5D /* Position.swift */ = {isa = PBXFileReference; lastKnownFileType = sourcecode.swift; path = Position.swift; sourceTree = "<group>"; };
		D732D03724E7596300315F5D /* PositionList.swift */ = {isa = PBXFileReference; lastKnownFileType = sourcecode.swift; path = PositionList.swift; sourceTree = "<group>"; };
		D732D04224E99D5700315F5D /* ServiceLocator.swift */ = {isa = PBXFileReference; lastKnownFileType = sourcecode.swift; path = ServiceLocator.swift; sourceTree = "<group>"; };
		D732D04824E9C87A00315F5D /* OpenApiAdapter.swift */ = {isa = PBXFileReference; lastKnownFileType = sourcecode.swift; path = OpenApiAdapter.swift; sourceTree = "<group>"; };
/* End PBXFileReference section */

/* Begin PBXFrameworksBuildPhase section */
		D732D00C24E6915600315F5D /* Frameworks */ = {
			isa = PBXFrameworksBuildPhase;
			buildActionMask = 2147483647;
			files = (
				D73BB65724EBE24800D30D3B /* PositionUserDefaultsStorage in Frameworks */,
				D732D03B24E7D61A00315F5D /* GithubJobAPI in Frameworks */,
				D77DCF7824EB16A6003263AE /* GithubJobServices in Frameworks */,
				D77DCF7B24EB16D5003263AE /* UICore in Frameworks */,
			);
			runOnlyForDeploymentPostprocessing = 0;
		};
/* End PBXFrameworksBuildPhase section */

/* Begin PBXGroup section */
		D732D00624E6915600315F5D = {
			isa = PBXGroup;
			children = (
				D732D01124E6915600315F5D /* GithubJobExample */,
				D732D01024E6915600315F5D /* Products */,
			);
			sourceTree = "<group>";
		};
		D732D01024E6915600315F5D /* Products */ = {
			isa = PBXGroup;
			children = (
				D732D00F24E6915600315F5D /* GithubJobExample.app */,
			);
			name = Products;
			sourceTree = "<group>";
		};
		D732D01124E6915600315F5D /* GithubJobExample */ = {
			isa = PBXGroup;
			children = (
				D732D03224E7556200315F5D /* Networking */,
				D732D02924E71A2A00315F5D /* ViewModel */,
				D732D02A24E71A3B00315F5D /* UI */,
				D732D04224E99D5700315F5D /* ServiceLocator.swift */,
				D732D01224E6915600315F5D /* AppDelegate.swift */,
				D732D01424E6915600315F5D /* SceneDelegate.swift */,
				D732D01824E6915A00315F5D /* Assets.xcassets */,
				D732D01D24E6915A00315F5D /* LaunchScreen.storyboard */,
				D732D02024E6915A00315F5D /* Info.plist */,
				D732D01A24E6915A00315F5D /* Preview Content */,
			);
			path = GithubJobExample;
			sourceTree = "<group>";
		};
		D732D01A24E6915A00315F5D /* Preview Content */ = {
			isa = PBXGroup;
			children = (
				D732D01B24E6915A00315F5D /* Preview Assets.xcassets */,
			);
			path = "Preview Content";
			sourceTree = "<group>";
		};
		D732D02924E71A2A00315F5D /* ViewModel */ = {
			isa = PBXGroup;
			children = (
				D732D02F24E72A9000315F5D /* Position.swift */,
				D732D02B24E71A6B00315F5D /* PositionsViewModel.swift */,
			);
			path = ViewModel;
			sourceTree = "<group>";
		};
		D732D02A24E71A3B00315F5D /* UI */ = {
			isa = PBXGroup;
			children = (
				D732D01624E6915600315F5D /* ContentView.swift */,
				D732D03724E7596300315F5D /* PositionList.swift */,
				D732D02D24E7298700315F5D /* PositionDetail.swift */,
			);
			path = UI;
			sourceTree = "<group>";
		};
		D732D03224E7556200315F5D /* Networking */ = {
			isa = PBXGroup;
			children = (
				D732D04824E9C87A00315F5D /* OpenApiAdapter.swift */,
			);
			path = Networking;
			sourceTree = "<group>";
		};
/* End PBXGroup section */

/* Begin PBXNativeTarget section */
		D732D00E24E6915600315F5D /* GithubJobExample */ = {
			isa = PBXNativeTarget;
			buildConfigurationList = D732D02324E6915A00315F5D /* Build configuration list for PBXNativeTarget "GithubJobExample" */;
			buildPhases = (
				D732D00B24E6915600315F5D /* Sources */,
				D732D00C24E6915600315F5D /* Frameworks */,
				D732D00D24E6915600315F5D /* Resources */,
			);
			buildRules = (
			);
			dependencies = (
			);
			name = GithubJobExample;
			packageProductDependencies = (
				D732D03A24E7D61A00315F5D /* GithubJobAPI */,
				D77DCF7724EB16A6003263AE /* GithubJobServices */,
				D77DCF7A24EB16D5003263AE /* UICore */,
				D73BB65624EBE24800D30D3B /* PositionUserDefaultsStorage */,
			);
			productName = GithubJobExample;
			productReference = D732D00F24E6915600315F5D /* GithubJobExample.app */;
			productType = "com.apple.product-type.application";
		};
/* End PBXNativeTarget section */

/* Begin PBXProject section */
		D732D00724E6915600315F5D /* Project object */ = {
			isa = PBXProject;
			attributes = {
				LastSwiftUpdateCheck = 1160;
				LastUpgradeCheck = 1160;
				ORGANIZATIONNAME = mishe1;
				TargetAttributes = {
					D732D00E24E6915600315F5D = {
						CreatedOnToolsVersion = 11.6;
					};
				};
			};
			buildConfigurationList = D732D00A24E6915600315F5D /* Build configuration list for PBXProject "GithubJobExample" */;
			compatibilityVersion = "Xcode 9.3";
			developmentRegion = en;
			hasScannedForEncodings = 0;
			knownRegions = (
				en,
				Base,
			);
			mainGroup = D732D00624E6915600315F5D;
			packageReferences = (
				D732D03924E7D61A00315F5D /* XCRemoteSwiftPackageReference "GithubJobAPI" */,
				D77DCF7624EB16A6003263AE /* XCRemoteSwiftPackageReference "GithubJobServices" */,
				D77DCF7924EB16D5003263AE /* XCRemoteSwiftPackageReference "UICore" */,
				D73BB65524EBE24800D30D3B /* XCRemoteSwiftPackageReference "PositionUserDefaultsStorage" */,
			);
			productRefGroup = D732D01024E6915600315F5D /* Products */;
			projectDirPath = "";
			projectRoot = "";
			targets = (
				D732D00E24E6915600315F5D /* GithubJobExample */,
			);
		};
/* End PBXProject section */

/* Begin PBXResourcesBuildPhase section */
		D732D00D24E6915600315F5D /* Resources */ = {
			isa = PBXResourcesBuildPhase;
			buildActionMask = 2147483647;
			files = (
				D732D01F24E6915A00315F5D /* LaunchScreen.storyboard in Resources */,
				D732D01C24E6915A00315F5D /* Preview Assets.xcassets in Resources */,
				D732D01924E6915A00315F5D /* Assets.xcassets in Resources */,
			);
			runOnlyForDeploymentPostprocessing = 0;
		};
/* End PBXResourcesBuildPhase section */

/* Begin PBXSourcesBuildPhase section */
		D732D00B24E6915600315F5D /* Sources */ = {
			isa = PBXSourcesBuildPhase;
			buildActionMask = 2147483647;
			files = (
				D732D01324E6915600315F5D /* AppDelegate.swift in Sources */,
				D732D03824E7596300315F5D /* PositionList.swift in Sources */,
				D732D04324E99D5700315F5D /* ServiceLocator.swift in Sources */,
				D732D02E24E7298700315F5D /* PositionDetail.swift in Sources */,
				D732D01524E6915600315F5D /* SceneDelegate.swift in Sources */,
				D732D04924E9C87A00315F5D /* OpenApiAdapter.swift in Sources */,
				D732D01724E6915600315F5D /* ContentView.swift in Sources */,
				D732D03024E72A9000315F5D /* Position.swift in Sources */,
				D732D02C24E71A6B00315F5D /* PositionsViewModel.swift in Sources */,
			);
			runOnlyForDeploymentPostprocessing = 0;
		};
/* End PBXSourcesBuildPhase section */

/* Begin PBXVariantGroup section */
		D732D01D24E6915A00315F5D /* LaunchScreen.storyboard */ = {
			isa = PBXVariantGroup;
			children = (
				D732D01E24E6915A00315F5D /* Base */,
			);
			name = LaunchScreen.storyboard;
			sourceTree = "<group>";
		};
/* End PBXVariantGroup section */

/* Begin XCBuildConfiguration section */
		D732D02124E6915A00315F5D /* Debug */ = {
			isa = XCBuildConfiguration;
			buildSettings = {
				ALWAYS_SEARCH_USER_PATHS = NO;
				CLANG_ANALYZER_NONNULL = YES;
				CLANG_ANALYZER_NUMBER_OBJECT_CONVERSION = YES_AGGRESSIVE;
				CLANG_CXX_LANGUAGE_STANDARD = "gnu++14";
				CLANG_CXX_LIBRARY = "libc++";
				CLANG_ENABLE_MODULES = YES;
				CLANG_ENABLE_OBJC_ARC = YES;
				CLANG_ENABLE_OBJC_WEAK = YES;
				CLANG_WARN_BLOCK_CAPTURE_AUTORELEASING = YES;
				CLANG_WARN_BOOL_CONVERSION = YES;
				CLANG_WARN_COMMA = YES;
				CLANG_WARN_CONSTANT_CONVERSION = YES;
				CLANG_WARN_DEPRECATED_OBJC_IMPLEMENTATIONS = YES;
				CLANG_WARN_DIRECT_OBJC_ISA_USAGE = YES_ERROR;
				CLANG_WARN_DOCUMENTATION_COMMENTS = YES;
				CLANG_WARN_EMPTY_BODY = YES;
				CLANG_WARN_ENUM_CONVERSION = YES;
				CLANG_WARN_INFINITE_RECURSION = YES;
				CLANG_WARN_INT_CONVERSION = YES;
				CLANG_WARN_NON_LITERAL_NULL_CONVERSION = YES;
				CLANG_WARN_OBJC_IMPLICIT_RETAIN_SELF = YES;
				CLANG_WARN_OBJC_LITERAL_CONVERSION = YES;
				CLANG_WARN_OBJC_ROOT_CLASS = YES_ERROR;
				CLANG_WARN_RANGE_LOOP_ANALYSIS = YES;
				CLANG_WARN_STRICT_PROTOTYPES = YES;
				CLANG_WARN_SUSPICIOUS_MOVE = YES;
				CLANG_WARN_UNGUARDED_AVAILABILITY = YES_AGGRESSIVE;
				CLANG_WARN_UNREACHABLE_CODE = YES;
				CLANG_WARN__DUPLICATE_METHOD_MATCH = YES;
				COPY_PHASE_STRIP = NO;
				DEBUG_INFORMATION_FORMAT = dwarf;
				ENABLE_STRICT_OBJC_MSGSEND = YES;
				ENABLE_TESTABILITY = YES;
				GCC_C_LANGUAGE_STANDARD = gnu11;
				GCC_DYNAMIC_NO_PIC = NO;
				GCC_NO_COMMON_BLOCKS = YES;
				GCC_OPTIMIZATION_LEVEL = 0;
				GCC_PREPROCESSOR_DEFINITIONS = (
					"DEBUG=1",
					"$(inherited)",
				);
				GCC_WARN_64_TO_32_BIT_CONVERSION = YES;
				GCC_WARN_ABOUT_RETURN_TYPE = YES_ERROR;
				GCC_WARN_UNDECLARED_SELECTOR = YES;
				GCC_WARN_UNINITIALIZED_AUTOS = YES_AGGRESSIVE;
				GCC_WARN_UNUSED_FUNCTION = YES;
				GCC_WARN_UNUSED_VARIABLE = YES;
				IPHONEOS_DEPLOYMENT_TARGET = 13.6;
				MTL_ENABLE_DEBUG_INFO = INCLUDE_SOURCE;
				MTL_FAST_MATH = YES;
				ONLY_ACTIVE_ARCH = YES;
				SDKROOT = iphoneos;
				SWIFT_ACTIVE_COMPILATION_CONDITIONS = DEBUG;
				SWIFT_OPTIMIZATION_LEVEL = "-Onone";
			};
			name = Debug;
		};
		D732D02224E6915A00315F5D /* Release */ = {
			isa = XCBuildConfiguration;
			buildSettings = {
				ALWAYS_SEARCH_USER_PATHS = NO;
				CLANG_ANALYZER_NONNULL = YES;
				CLANG_ANALYZER_NUMBER_OBJECT_CONVERSION = YES_AGGRESSIVE;
				CLANG_CXX_LANGUAGE_STANDARD = "gnu++14";
				CLANG_CXX_LIBRARY = "libc++";
				CLANG_ENABLE_MODULES = YES;
				CLANG_ENABLE_OBJC_ARC = YES;
				CLANG_ENABLE_OBJC_WEAK = YES;
				CLANG_WARN_BLOCK_CAPTURE_AUTORELEASING = YES;
				CLANG_WARN_BOOL_CONVERSION = YES;
				CLANG_WARN_COMMA = YES;
				CLANG_WARN_CONSTANT_CONVERSION = YES;
				CLANG_WARN_DEPRECATED_OBJC_IMPLEMENTATIONS = YES;
				CLANG_WARN_DIRECT_OBJC_ISA_USAGE = YES_ERROR;
				CLANG_WARN_DOCUMENTATION_COMMENTS = YES;
				CLANG_WARN_EMPTY_BODY = YES;
				CLANG_WARN_ENUM_CONVERSION = YES;
				CLANG_WARN_INFINITE_RECURSION = YES;
				CLANG_WARN_INT_CONVERSION = YES;
				CLANG_WARN_NON_LITERAL_NULL_CONVERSION = YES;
				CLANG_WARN_OBJC_IMPLICIT_RETAIN_SELF = YES;
				CLANG_WARN_OBJC_LITERAL_CONVERSION = YES;
				CLANG_WARN_OBJC_ROOT_CLASS = YES_ERROR;
				CLANG_WARN_RANGE_LOOP_ANALYSIS = YES;
				CLANG_WARN_STRICT_PROTOTYPES = YES;
				CLANG_WARN_SUSPICIOUS_MOVE = YES;
				CLANG_WARN_UNGUARDED_AVAILABILITY = YES_AGGRESSIVE;
				CLANG_WARN_UNREACHABLE_CODE = YES;
				CLANG_WARN__DUPLICATE_METHOD_MATCH = YES;
				COPY_PHASE_STRIP = NO;
				DEBUG_INFORMATION_FORMAT = "dwarf-with-dsym";
				ENABLE_NS_ASSERTIONS = NO;
				ENABLE_STRICT_OBJC_MSGSEND = YES;
				GCC_C_LANGUAGE_STANDARD = gnu11;
				GCC_NO_COMMON_BLOCKS = YES;
				GCC_WARN_64_TO_32_BIT_CONVERSION = YES;
				GCC_WARN_ABOUT_RETURN_TYPE = YES_ERROR;
				GCC_WARN_UNDECLARED_SELECTOR = YES;
				GCC_WARN_UNINITIALIZED_AUTOS = YES_AGGRESSIVE;
				GCC_WARN_UNUSED_FUNCTION = YES;
				GCC_WARN_UNUSED_VARIABLE = YES;
				IPHONEOS_DEPLOYMENT_TARGET = 13.6;
				MTL_ENABLE_DEBUG_INFO = NO;
				MTL_FAST_MATH = YES;
				SDKROOT = iphoneos;
				SWIFT_COMPILATION_MODE = wholemodule;
				SWIFT_OPTIMIZATION_LEVEL = "-O";
				VALIDATE_PRODUCT = YES;
			};
			name = Release;
		};
		D732D02424E6915A00315F5D /* Debug */ = {
			isa = XCBuildConfiguration;
			buildSettings = {
				ASSETCATALOG_COMPILER_APPICON_NAME = AppIcon;
				CODE_SIGN_STYLE = Automatic;
				DEVELOPMENT_ASSET_PATHS = "\"GithubJobExample/Preview Content\"";
				ENABLE_PREVIEWS = YES;
				INFOPLIST_FILE = GithubJobExample/Info.plist;
				LD_RUNPATH_SEARCH_PATHS = (
					"$(inherited)",
					"@executable_path/Frameworks",
				);
				PRODUCT_BUNDLE_IDENTIFIER = ru.mishe1.GithubJobExample;
				PRODUCT_NAME = "$(TARGET_NAME)";
				SWIFT_VERSION = 5.0;
				TARGETED_DEVICE_FAMILY = "1,2";
			};
			name = Debug;
		};
		D732D02524E6915A00315F5D /* Release */ = {
			isa = XCBuildConfiguration;
			buildSettings = {
				ASSETCATALOG_COMPILER_APPICON_NAME = AppIcon;
				CODE_SIGN_STYLE = Automatic;
				DEVELOPMENT_ASSET_PATHS = "\"GithubJobExample/Preview Content\"";
				ENABLE_PREVIEWS = YES;
				INFOPLIST_FILE = GithubJobExample/Info.plist;
				LD_RUNPATH_SEARCH_PATHS = (
					"$(inherited)",
					"@executable_path/Frameworks",
				);
				PRODUCT_BUNDLE_IDENTIFIER = ru.mishe1.GithubJobExample;
				PRODUCT_NAME = "$(TARGET_NAME)";
				SWIFT_VERSION = 5.0;
				TARGETED_DEVICE_FAMILY = "1,2";
			};
			name = Release;
		};
/* End XCBuildConfiguration section */

/* Begin XCConfigurationList section */
		D732D00A24E6915600315F5D /* Build configuration list for PBXProject "GithubJobExample" */ = {
			isa = XCConfigurationList;
			buildConfigurations = (
				D732D02124E6915A00315F5D /* Debug */,
				D732D02224E6915A00315F5D /* Release */,
			);
			defaultConfigurationIsVisible = 0;
			defaultConfigurationName = Release;
		};
		D732D02324E6915A00315F5D /* Build configuration list for PBXNativeTarget "GithubJobExample" */ = {
			isa = XCConfigurationList;
			buildConfigurations = (
				D732D02424E6915A00315F5D /* Debug */,
				D732D02524E6915A00315F5D /* Release */,
			);
			defaultConfigurationIsVisible = 0;
			defaultConfigurationName = Release;
		};
/* End XCConfigurationList section */

/* Begin XCRemoteSwiftPackageReference section */
		D732D03924E7D61A00315F5D /* XCRemoteSwiftPackageReference "GithubJobAPI" */ = {
			isa = XCRemoteSwiftPackageReference;
			repositoryURL = "https://github.com/xhrobj/GithubJobAPI.git";
			requirement = {
				kind = upToNextMajorVersion;
				minimumVersion = 1.0.2;
			};
		};
		D73BB65524EBE24800D30D3B /* XCRemoteSwiftPackageReference "PositionUserDefaultsStorage" */ = {
			isa = XCRemoteSwiftPackageReference;
			repositoryURL = "https://github.com/xhrobj/PositionUserDefaultsStorage";
			requirement = {
				kind = upToNextMajorVersion;
				minimumVersion = 1.0.2;
			};
		};
		D77DCF7624EB16A6003263AE /* XCRemoteSwiftPackageReference "GithubJobServices" */ = {
			isa = XCRemoteSwiftPackageReference;
			repositoryURL = "https://github.com/xhrobj/GithubJobServices";
			requirement = {
				kind = upToNextMajorVersion;
				minimumVersion = 1.0.0;
			};
		};
		D77DCF7924EB16D5003263AE /* XCRemoteSwiftPackageReference "UICore" */ = {
			isa = XCRemoteSwiftPackageReference;
			repositoryURL = "https://github.com/xhrobj/UICore";
			requirement = {
				kind = upToNextMajorVersion;
				minimumVersion = 1.0.0;
			};
		};
/* End XCRemoteSwiftPackageReference section */

/* Begin XCSwiftPackageProductDependency section */
		D732D03A24E7D61A00315F5D /* GithubJobAPI */ = {
			isa = XCSwiftPackageProductDependency;
			package = D732D03924E7D61A00315F5D /* XCRemoteSwiftPackageReference "GithubJobAPI" */;
			productName = GithubJobAPI;
		};
		D73BB65624EBE24800D30D3B /* PositionUserDefaultsStorage */ = {
			isa = XCSwiftPackageProductDependency;
			package = D73BB65524EBE24800D30D3B /* XCRemoteSwiftPackageReference "PositionUserDefaultsStorage" */;
			productName = PositionUserDefaultsStorage;
		};
		D77DCF7724EB16A6003263AE /* GithubJobServices */ = {
			isa = XCSwiftPackageProductDependency;
			package = D77DCF7624EB16A6003263AE /* XCRemoteSwiftPackageReference "GithubJobServices" */;
			productName = GithubJobServices;
		};
		D77DCF7A24EB16D5003263AE /* UICore */ = {
			isa = XCSwiftPackageProductDependency;
			package = D77DCF7924EB16D5003263AE /* XCRemoteSwiftPackageReference "UICore" */;
			productName = UICore;
		};
/* End XCSwiftPackageProductDependency section */
	};
	rootObject = D732D00724E6915600315F5D /* Project object */;
}
